
Microsoft Visual Studio Solution File, Format Version 12.00
# Visual Studio 15
VisualStudioVersion = 15.0.28010.2016
MinimumVisualStudioVersion = 10.0.40219.1
Project("{FAE04EC0-301F-11D3-BF4B-00C04F79EFBC}") = "Alinhamentos", "Alinhamentos\Alinhamentos.csproj", "{456DE8F4-A093-4083-818B-BE1AA6EF7BBC}"
EndProject
Global
	GlobalSection(SolutionConfigurationPlatforms) = preSolution
		Debug|Any CPU = Debug|Any CPU
		Release|Any CPU = Release|Any CPU
	EndGlobalSection
	GlobalSection(ProjectConfigurationPlatforms) = postSolution
		{456DE8F4-A093-4083-818B-BE1AA6EF7BBC}.Debug|Any CPU.ActiveCfg = Debug|Any CPU
		{456DE8F4-A093-4083-818B-BE1AA6EF7BBC}.Debug|Any CPU.Build.0 = Debug|Any CPU
		{456DE8F4-A093-4083-818B-BE1AA6EF7BBC}.Release|Any CPU.ActiveCfg = Release|Any CPU
		{456DE8F4-A093-4083-818B-BE1AA6EF7BBC}.Release|Any CPU.Build.0 = Release|Any CPU
	EndGlobalSection
	GlobalSection(SolutionProperties) = preSolution
		HideSolutionNode = FALSE
	EndGlobalSection
	GlobalSection(ExtensibilityGlobals) = postSolution
		SolutionGuid = {88D834FE-C160-4F1F-B4D1-F7484253E4D8}
	EndGlobalSection
EndGlobal
